
Microsoft Visual Studio Solution File, Format Version 12.00
# Visual Studio 15
VisualStudioVersion = 15.0.28307.329
MinimumVisualStudioVersion = 10.0.40219.1
Project("{FAE04EC0-301F-11D3-BF4B-00C04F79EFBC}") = "Motors", "Motors\Motors.csproj", "{DC7A27F9-2427-49BD-9861-A73512933745}"
EndProject
Global
	GlobalSection(SolutionConfigurationPlatforms) = preSolution
		Debug|Any CPU = Debug|Any CPU
		Release|Any CPU = Release|Any CPU
	EndGlobalSection
	GlobalSection(ProjectConfigurationPlatforms) = postSolution
		{DC7A27F9-2427-49BD-9861-A73512933745}.Debug|Any CPU.ActiveCfg = Debug|Any CPU
		{DC7A27F9-2427-49BD-9861-A73512933745}.Debug|Any CPU.Build.0 = Debug|Any CPU
		{DC7A27F9-2427-49BD-9861-A73512933745}.Release|Any CPU.ActiveCfg = Release|Any CPU
		{DC7A27F9-2427-49BD-9861-A73512933745}.Release|Any CPU.Build.0 = Release|Any CPU
	EndGlobalSection
	GlobalSection(SolutionProperties) = preSolution
		HideSolutionNode = FALSE
	EndGlobalSection
	GlobalSection(ExtensibilityGlobals) = postSolution
		SolutionGuid = {5B4E6C48-FE00-4F7A-A6D6-C9663AD9AB5C}
	EndGlobalSection
EndGlobal
